// !$*UTF8*$!
{
	archiveVersion = 1;
	classes = {
	};
	objectVersion = 77;
	objects = {

/* Begin PBXBuildFile section */
		4E3CE9672FF8D32C00C2523E /* Assets.xcassets in Resources */ = {isa = PBXBuildFile; fileRef = 4E3CE9632FF8D32C00C2523E /* Assets.xcassets */; };
		4E3CE9682FF8D32C00C2523E /* Home.swift in Sources */ = {isa = PBXBuildFile; fileRef = 4E3CE9602FF8D32C00C2523E /* Home.swift */; };
		4E3CE9692FF8D32C00C2523E /* CryptoApp.swift in Sources */ = {isa = PBXBuildFile; fileRef = 4E3CE9652FF8D32C00C2523E /* CryptoApp.swift */; };
		4E3CE9752FF8D38600C2523E /* ColorConstants.swift in Sources */ = {isa = PBXBuildFile; fileRef = 4E3CE96F2FF8D38600C2523E /* ColorConstants.swift */; };
		4E3CE9762FF8D38600C2523E /* DateExtention.swift in Sources */ = {isa = PBXBuildFile; fileRef = 4E3CE9732FF8D38600C2523E /* DateExtention.swift */; };
		4E3CE9772FF8D38600C2523E /* hideKeyboard.swift in Sources */ = {isa = PBXBuildFile; fileRef = 4E3CE9712FF8D38600C2523E /* hideKeyboard.swift */; };
		4E3CE9782FF8D38600C2523E /* AppDelegate.swift in Sources */ = {isa = PBXBuildFile; fileRef = 4E3CE96E2FF8D38600C2523E /* AppDelegate.swift */; };
		4E3CE9792FF8D38600C2523E /* hideKybpradrOnTap.swift in Sources */ = {isa = PBXBuildFile; fileRef = 4E3CE9702FF8D38600C2523E /* hideKybpradrOnTap.swift */; };
		4E3CE97A2FF8D38600C2523E /* EX_View.swift in Sources */ = {isa = PBXBuildFile; fileRef = 4E3CE9742FF8D38600C2523E /* EX_View.swift */; };
		4E3CE97B2FF8D38600C2523E /* Extensions_ui.swift in Sources */ = {isa = PBXBuildFile; fileRef = 4E3CE9722FF8D38600C2523E /* Extensions_ui.swift */; };
		4E3CE9812FF8D45A00C2523E /* Network.swift in Sources */ = {isa = PBXBuildFile; fileRef = 4E3CE97E2FF8D45A00C2523E /* Network.swift */; };
		4E3CE9822FF8D45A00C2523E /* NetworkMonitor.swift in Sources */ = {isa = PBXBuildFile; fileRef = 4E3CE9802FF8D45A00C2523E /* NetworkMonitor.swift */; };
		4E3CE9832FF8D45A00C2523E /* Crtpro.swift in Sources */ = {isa = PBXBuildFile; fileRef = 4E3CE97D2FF8D45A00C2523E /* Crtpro.swift */; };
		4E3CE9842FF8D45A00C2523E /* InternetConnection.swift in Sources */ = {isa = PBXBuildFile; fileRef = 4E3CE97F2FF8D45A00C2523E /* InternetConnection.swift */; };
		4E3CE98C2FF8D88600C2523E /* UIApplication.swift in Sources */ = {isa = PBXBuildFile; fileRef = 4E3CE98B2FF8D88600C2523E /* UIApplication.swift */; };
		4E3CE98D2FF8D88600C2523E /* Color.swift in Sources */ = {isa = PBXBuildFile; fileRef = 4E3CE9862FF8D88600C2523E /* Color.swift */; };
		4E3CE98E2FF8D88600C2523E /* Date.swift in Sources */ = {isa = PBXBuildFile; fileRef = 4E3CE9872FF8D88600C2523E /* Date.swift */; };
		4E3CE98F2FF8D88600C2523E /* PreviewProvider.swift in Sources */ = {isa = PBXBuildFile; fileRef = 4E3CE9892FF8D88600C2523E /* PreviewProvider.swift */; };
		4E3CE9902FF8D88600C2523E /* Double.swift in Sources */ = {isa = PBXBuildFile; fileRef = 4E3CE9882FF8D88600C2523E /* Double.swift */; };
		4E3CE9912FF8D88600C2523E /* String.swift in Sources */ = {isa = PBXBuildFile; fileRef = 4E3CE98A2FF8D88600C2523E /* String.swift */; };
		4E3CE9962FF8D90C00C2523E /* CoinModel.swift in Sources */ = {isa = PBXBuildFile; fileRef = 4E3CE9932FF8D90C00C2523E /* CoinModel.swift */; };
		4E3CE9972FF8D90C00C2523E /* MarketDataModel.swift in Sources */ = {isa = PBXBuildFile; fileRef = 4E3CE9942FF8D90C00C2523E /* MarketDataModel.swift */; };
		4E3CE9982FF8D90C00C2523E /* CoinDetailModel.swift in Sources */ = {isa = PBXBuildFile; fileRef = 4E3CE9922FF8D90C00C2523E /* CoinDetailModel.swift */; };
		4E3CE9992FF8D90C00C2523E /* StatisticModel.swift in Sources */ = {isa = PBXBuildFile; fileRef = 4E3CE9952FF8D90C00C2523E /* StatisticModel.swift */; };
		4E3CE99B2FF8DB6200C2523E /* CircleBTN.swift in Sources */ = {isa = PBXBuildFile; fileRef = 4E3CE99A2FF8DB6200C2523E /* CircleBTN.swift */; };
		4E3CE99D2FF8DF5A00C2523E /* CircleBTNAnimationView.swift in Sources */ = {isa = PBXBuildFile; fileRef = 4E3CE99C2FF8DF5A00C2523E /* CircleBTNAnimationView.swift */; };
		4E3CE9A12FF8E59E00C2523E /* CoinRowView.swift in Sources */ = {isa = PBXBuildFile; fileRef = 4E3CE9A02FF8E59E00C2523E /* CoinRowView.swift */; };
		4E3CE9A32FF8E65900C2523E /* HomeViewModel.swift in Sources */ = {isa = PBXBuildFile; fileRef = 4E3CE9A22FF8E65900C2523E /* HomeViewModel.swift */; };
		4E40838C2FFA2CCC00399D25 /* CharView.swift in Sources */ = {isa = PBXBuildFile; fileRef = 4E40838B2FFA2CCC00399D25 /* CharView.swift */; };
		4E41C4E32FF947620006EEEF /* PortfolioContainer.xcdatamodeld in Sources */ = {isa = PBXBuildFile; fileRef = 4E41C4E12FF947610006EEEF /* PortfolioContainer.xcdatamodeld */; };
		4E41C4E52FF947FF0006EEEF /* PortfolioDataService.swift in Sources */ = {isa = PBXBuildFile; fileRef = 4E41C4E42FF947FF0006EEEF /* PortfolioDataService.swift */; };
		4E479DED2FFA7CED0029DC9D /* ArcView.swift in Sources */ = {isa = PBXBuildFile; fileRef = 4E479DEC2FFA7CED0029DC9D /* ArcView.swift */; };
		4E47A2672FFA086100B0EFA8 /* DetailScene.swift in Sources */ = {isa = PBXBuildFile; fileRef = 4E47A2662FFA086100B0EFA8 /* DetailScene.swift */; };
		4E47A2692FFA0DC900B0EFA8 /* CoinDetailService.swift in Sources */ = {isa = PBXBuildFile; fileRef = 4E47A2682FFA0DC900B0EFA8 /* CoinDetailService.swift */; };
		4E47A26B2FFA0EA300B0EFA8 /* DetailViewModel.swift in Sources */ = {isa = PBXBuildFile; fileRef = 4E47A26A2FFA0EA300B0EFA8 /* DetailViewModel.swift */; };
		4E4E88C72FFA4D7700A465E1 /* LaunchScreen.storyboard in Resources */ = {isa = PBXBuildFile; fileRef = 4E4E88C62FFA4D7700A465E1 /* LaunchScreen.storyboard */; };
		4E4E88C92FFA500900A465E1 /* launchView.swift in Sources */ = {isa = PBXBuildFile; fileRef = 4E4E88C82FFA500200A465E1 /* launchView.swift */; };
		4E51236B2FF91B3C0022D3B2 /* CustomSearchBarView.swift in Sources */ = {isa = PBXBuildFile; fileRef = 4E51236A2FF91B3C0022D3B2 /* CustomSearchBarView.swift */; };
		4E51236D2FF922F40022D3B2 /* StatisticsView.swift in Sources */ = {isa = PBXBuildFile; fileRef = 4E51236C2FF922F40022D3B2 /* StatisticsView.swift */; };
		4E51236F2FF925110022D3B2 /* HomeStatView.swift in Sources */ = {isa = PBXBuildFile; fileRef = 4E51236E2FF925110022D3B2 /* HomeStatView.swift */; };
		4E5123712FF927230022D3B2 /* MarketDataService.swift in Sources */ = {isa = PBXBuildFile; fileRef = 4E5123702FF927220022D3B2 /* MarketDataService.swift */; };
		4E5123732FF92C4B0022D3B2 /* PortfolioView.swift in Sources */ = {isa = PBXBuildFile; fileRef = 4E5123722FF92C4B0022D3B2 /* PortfolioView.swift */; };
		4E5123752FF92E390022D3B2 /* XMarkButton.swift in Sources */ = {isa = PBXBuildFile; fileRef = 4E5123742FF92E390022D3B2 /* XMarkButton.swift */; };
		4E5123772FF92EEA0022D3B2 /* CoinLogoView.swift in Sources */ = {isa = PBXBuildFile; fileRef = 4E5123762FF92EEA0022D3B2 /* CoinLogoView.swift */; };
		4E6079482FF9F7BB0047FB8B /* hapticManager.swift in Sources */ = {isa = PBXBuildFile; fileRef = 4E6079472FF9F7B90047FB8B /* hapticManager.swift */; };
		4E634DDD2FF8F8A700A03A48 /* CoinDataServices.swift in Sources */ = {isa = PBXBuildFile; fileRef = 4E634DDC2FF8F8A700A03A48 /* CoinDataServices.swift */; };
		4E634DE02FF8FCD600A03A48 /* networkManager.swift in Sources */ = {isa = PBXBuildFile; fileRef = 4E634DDF2FF8FCD600A03A48 /* networkManager.swift */; };
		4E634DE22FF9018D00A03A48 /* CoinImageService.swift in Sources */ = {isa = PBXBuildFile; fileRef = 4E634DE12FF9018D00A03A48 /* CoinImageService.swift */; };
		4E634DE42FF902C500A03A48 /* CoinImageScene.swift in Sources */ = {isa = PBXBuildFile; fileRef = 4E634DE32FF902C500A03A48 /* CoinImageScene.swift */; };
		4E634DE62FF907B100A03A48 /* LocalFileManager.swift in Sources */ = {isa = PBXBuildFile; fileRef = 4E634DE52FF907B100A03A48 /* LocalFileManager.swift */; };
/* End PBXBuildFile section */

/* Begin PBXFileReference section */
		4E3CE94F2FF8D2B400C2523E /* Crypto.app */ = {isa = PBXFileReference; explicitFileType = wrapper.application; includeInIndex = 0; path = Crypto.app; sourceTree = BUILT_PRODUCTS_DIR; };
		4E3CE9602FF8D32C00C2523E /* Home.swift */ = {isa = PBXFileReference; lastKnownFileType = sourcecode.swift; path = Home.swift; sourceTree = "<group>"; };
		4E3CE9632FF8D32C00C2523E /* Assets.xcassets */ = {isa = PBXFileReference; lastKnownFileType = folder.assetcatalog; path = Assets.xcassets; sourceTree = "<group>"; };
		4E3CE9642FF8D32C00C2523E /* Crypto.entitlements */ = {isa = PBXFileReference; lastKnownFileType = text.plist.entitlements; path = Crypto.entitlements; sourceTree = "<group>"; };
		4E3CE9652FF8D32C00C2523E /* CryptoApp.swift */ = {isa = PBXFileReference; lastKnownFileType = sourcecode.swift; path = CryptoApp.swift; sourceTree = "<group>"; };
		4E3CE96E2FF8D38600C2523E /* AppDelegate.swift */ = {isa = PBXFileReference; lastKnownFileType = sourcecode.swift; path = AppDelegate.swift; sourceTree = "<group>"; };
		4E3CE96F2FF8D38600C2523E /* ColorConstants.swift */ = {isa = PBXFileReference; lastKnownFileType = sourcecode.swift; path = ColorConstants.swift; sourceTree = "<group>"; };
		4E3CE9702FF8D38600C2523E /* hideKybpradrOnTap.swift */ = {isa = PBXFileReference; lastKnownFileType = sourcecode.swift; path = hideKybpradrOnTap.swift; sourceTree = "<group>"; };
		4E3CE9712FF8D38600C2523E /* hideKeyboard.swift */ = {isa = PBXFileReference; lastKnownFileType = sourcecode.swift; path = hideKeyboard.swift; sourceTree = "<group>"; };
		4E3CE9722FF8D38600C2523E /* Extensions_ui.swift */ = {isa = PBXFileReference; lastKnownFileType = sourcecode.swift; path = Extensions_ui.swift; sourceTree = "<group>"; };
		4E3CE9732FF8D38600C2523E /* DateExtention.swift */ = {isa = PBXFileReference; lastKnownFileType = sourcecode.swift; path = DateExtention.swift; sourceTree = "<group>"; };
		4E3CE9742FF8D38600C2523E /* EX_View.swift */ = {isa = PBXFileReference; lastKnownFileType = sourcecode.swift; path = EX_View.swift; sourceTree = "<group>"; };
		4E3CE97D2FF8D45A00C2523E /* Crtpro.swift */ = {isa = PBXFileReference; lastKnownFileType = sourcecode.swift; path = Crtpro.swift; sourceTree = "<group>"; };
		4E3CE97E2FF8D45A00C2523E /* Network.swift */ = {isa = PBXFileReference; lastKnownFileType = sourcecode.swift; path = Network.swift; sourceTree = "<group>"; };
		4E3CE97F2FF8D45A00C2523E /* InternetConnection.swift */ = {isa = PBXFileReference; lastKnownFileType = sourcecode.swift; path = InternetConnection.swift; sourceTree = "<group>"; };
		4E3CE9802FF8D45A00C2523E /* NetworkMonitor.swift */ = {isa = PBXFileReference; lastKnownFileType = sourcecode.swift; path = NetworkMonitor.swift; sourceTree = "<group>"; };
		4E3CE9862FF8D88600C2523E /* Color.swift */ = {isa = PBXFileReference; lastKnownFileType = sourcecode.swift; path = Color.swift; sourceTree = "<group>"; };
		4E3CE9872FF8D88600C2523E /* Date.swift */ = {isa = PBXFileReference; lastKnownFileType = sourcecode.swift; path = Date.swift; sourceTree = "<group>"; };
		4E3CE9882FF8D88600C2523E /* Double.swift */ = {isa = PBXFileReference; lastKnownFileType = sourcecode.swift; path = Double.swift; sourceTree = "<group>"; };
		4E3CE9892FF8D88600C2523E /* PreviewProvider.swift */ = {isa = PBXFileReference; lastKnownFileType = sourcecode.swift; path = PreviewProvider.swift; sourceTree = "<group>"; };
		4E3CE98A2FF8D88600C2523E /* String.swift */ = {isa = PBXFileReference; lastKnownFileType = sourcecode.swift; path = String.swift; sourceTree = "<group>"; };
		4E3CE98B2FF8D88600C2523E /* UIApplication.swift */ = {isa = PBXFileReference; lastKnownFileType = sourcecode.swift; path = UIApplication.swift; sourceTree = "<group>"; };
		4E3CE9922FF8D90C00C2523E /* CoinDetailModel.swift */ = {isa = PBXFileReference; lastKnownFileType = sourcecode.swift; path = CoinDetailModel.swift; sourceTree = "<group>"; };
		4E3CE9932FF8D90C00C2523E /* CoinModel.swift */ = {isa = PBXFileReference; lastKnownFileType = sourcecode.swift; path = CoinModel.swift; sourceTree = "<group>"; };
		4E3CE9942FF8D90C00C2523E /* MarketDataModel.swift */ = {isa = PBXFileReference; lastKnownFileType = sourcecode.swift; path = MarketDataModel.swift; sourceTree = "<group>"; };
		4E3CE9952FF8D90C00C2523E /* StatisticModel.swift */ = {isa = PBXFileReference; lastKnownFileType = sourcecode.swift; path = StatisticModel.swift; sourceTree = "<group>"; };
		4E3CE99A2FF8DB6200C2523E /* CircleBTN.swift */ = {isa = PBXFileReference; lastKnownFileType = sourcecode.swift; path = CircleBTN.swift; sourceTree = "<group>"; };
		4E3CE99C2FF8DF5A00C2523E /* CircleBTNAnimationView.swift */ = {isa = PBXFileReference; lastKnownFileType = sourcecode.swift; path = CircleBTNAnimationView.swift; sourceTree = "<group>"; };
		4E3CE9A02FF8E59E00C2523E /* CoinRowView.swift */ = {isa = PBXFileReference; lastKnownFileType = sourcecode.swift; path = CoinRowView.swift; sourceTree = "<group>"; };
		4E3CE9A22FF8E65900C2523E /* HomeViewModel.swift */ = {isa = PBXFileReference; lastKnownFileType = sourcecode.swift; path = HomeViewModel.swift; sourceTree = "<group>"; };
		4E40838B2FFA2CCC00399D25 /* CharView.swift */ = {isa = PBXFileReference; lastKnownFileType = sourcecode.swift; path = CharView.swift; sourceTree = "<group>"; };
		4E41C4E22FF947610006EEEF /* PortfolioContainer.xcdatamodel */ = {isa = PBXFileReference; lastKnownFileType = wrapper.xcdatamodel; path = PortfolioContainer.xcdatamodel; sourceTree = "<group>"; };
		4E41C4E42FF947FF0006EEEF /* PortfolioDataService.swift */ = {isa = PBXFileReference; lastKnownFileType = sourcecode.swift; path = PortfolioDataService.swift; sourceTree = "<group>"; };
		4E479DEC2FFA7CED0029DC9D /* ArcView.swift */ = {isa = PBXFileReference; lastKnownFileType = sourcecode.swift; path = ArcView.swift; sourceTree = "<group>"; };
		4E47A2662FFA086100B0EFA8 /* DetailScene.swift */ = {isa = PBXFileReference; lastKnownFileType = sourcecode.swift; path = DetailScene.swift; sourceTree = "<group>"; };
		4E47A2682FFA0DC900B0EFA8 /* CoinDetailService.swift */ = {isa = PBXFileReference; lastKnownFileType = sourcecode.swift; path = CoinDetailService.swift; sourceTree = "<group>"; };
		4E47A26A2FFA0EA300B0EFA8 /* DetailViewModel.swift */ = {isa = PBXFileReference; lastKnownFileType = sourcecode.swift; path = DetailViewModel.swift; sourceTree = "<group>"; };
		4E4E88C62FFA4D7700A465E1 /* LaunchScreen.storyboard */ = {isa = PBXFileReference; lastKnownFileType = file.storyboard; path = LaunchScreen.storyboard; sourceTree = "<group>"; };
		4E4E88C82FFA500200A465E1 /* launchView.swift */ = {isa = PBXFileReference; lastKnownFileType = sourcecode.swift; path = launchView.swift; sourceTree = "<group>"; };
		4E51236A2FF91B3C0022D3B2 /* CustomSearchBarView.swift */ = {isa = PBXFileReference; lastKnownFileType = sourcecode.swift; path = CustomSearchBarView.swift; sourceTree = "<group>"; };
		4E51236C2FF922F40022D3B2 /* StatisticsView.swift */ = {isa = PBXFileReference; lastKnownFileType = sourcecode.swift; path = StatisticsView.swift; sourceTree = "<group>"; };
		4E51236E2FF925110022D3B2 /* HomeStatView.swift */ = {isa = PBXFileReference; lastKnownFileType = sourcecode.swift; path = HomeStatView.swift; sourceTree = "<group>"; };
		4E5123702FF927220022D3B2 /* MarketDataService.swift */ = {isa = PBXFileReference; lastKnownFileType = sourcecode.swift; path = MarketDataService.swift; sourceTree = "<group>"; };
		4E5123722FF92C4B0022D3B2 /* PortfolioView.swift */ = {isa = PBXFileReference; lastKnownFileType = sourcecode.swift; path = PortfolioView.swift; sourceTree = "<group>"; };
		4E5123742FF92E390022D3B2 /* XMarkButton.swift */ = {isa = PBXFileReference; lastKnownFileType = sourcecode.swift; path = XMarkButton.swift; sourceTree = "<group>"; };
		4E5123762FF92EEA0022D3B2 /* CoinLogoView.swift */ = {isa = PBXFileReference; lastKnownFileType = sourcecode.swift; path = CoinLogoView.swift; sourceTree = "<group>"; };
		4E6079472FF9F7B90047FB8B /* hapticManager.swift */ = {isa = PBXFileReference; lastKnownFileType = sourcecode.swift; path = hapticManager.swift; sourceTree = "<group>"; };
		4E634DDC2FF8F8A700A03A48 /* CoinDataServices.swift */ = {isa = PBXFileReference; lastKnownFileType = sourcecode.swift; path = CoinDataServices.swift; sourceTree = "<group>"; };
		4E634DDF2FF8FCD600A03A48 /* networkManager.swift */ = {isa = PBXFileReference; lastKnownFileType = sourcecode.swift; path = networkManager.swift; sourceTree = "<group>"; };
		4E634DE12FF9018D00A03A48 /* CoinImageService.swift */ = {isa = PBXFileReference; lastKnownFileType = sourcecode.swift; path = CoinImageService.swift; sourceTree = "<group>"; };
		4E634DE32FF902C500A03A48 /* CoinImageScene.swift */ = {isa = PBXFileReference; lastKnownFileType = sourcecode.swift; path = CoinImageScene.swift; sourceTree = "<group>"; };
		4E634DE52FF907B100A03A48 /* LocalFileManager.swift */ = {isa = PBXFileReference; lastKnownFileType = sourcecode.swift; path = LocalFileManager.swift; sourceTree = "<group>"; };
/* End PBXFileReference section */

/* Begin PBXFrameworksBuildPhase section */
		4E3CE94C2FF8D2B400C2523E /* Frameworks */ = {
			isa = PBXFrameworksBuildPhase;
			buildActionMask = 2147483647;
			files = (
			);
			runOnlyForDeploymentPostprocessing = 0;
		};
/* End PBXFrameworksBuildPhase section */

/* Begin PBXGroup section */
		4E3CE9462FF8D2B300C2523E = {
			isa = PBXGroup;
			children = (
				4E3CE9662FF8D32C00C2523E /* Crypto */,
				4E3CE9502FF8D2B400C2523E /* Products */,
			);
			sourceTree = "<group>";
		};
		4E3CE9502FF8D2B400C2523E /* Products */ = {
			isa = PBXGroup;
			children = (
				4E3CE94F2FF8D2B400C2523E /* Crypto.app */,
			);
			name = Products;
			sourceTree = "<group>";
		};
		4E3CE9612FF8D32C00C2523E /* scenes */ = {
			isa = PBXGroup;
			children = (
				4E4E88C52FFA4D5400A465E1 /* launch screen */,
				4E47A2652FFA084F00B0EFA8 /* detail */,
				4E3CE99E2FF8E58300C2523E /* home */,
			);
			path = scenes;
			sourceTree = "<group>";
		};
		4E3CE9622FF8D32C00C2523E /* view */ = {
			isa = PBXGroup;
			children = (
				4E3CE99A2FF8DB6200C2523E /* CircleBTN.swift */,
				4E3CE99C2FF8DF5A00C2523E /* CircleBTNAnimationView.swift */,
				4E51236A2FF91B3C0022D3B2 /* CustomSearchBarView.swift */,
				4E5123742FF92E390022D3B2 /* XMarkButton.swift */,
				4E479DEC2FFA7CED0029DC9D /* ArcView.swift */,
			);
			path = view;
			sourceTree = "<group>";
		};
		4E3CE9662FF8D32C00C2523E /* Crypto */ = {
			isa = PBXGroup;
			children = (
				4E634DDE2FF8FCC800A03A48 /* utlities */,
				4E634DDB2FF8F89500A03A48 /* services */,
				4E3CE9852FF8D86300C2523E /* extensions */,
				4E3CE97C2FF8D43200C2523E /* nerwork */,
				4E3CE96D2FF8D35B00C2523E /* helpers */,
				4E3CE96C2FF8D35300C2523E /* model */,
				4E3CE96B2FF8D34B00C2523E /* viewmodel */,
				4E3CE9622FF8D32C00C2523E /* view */,
				4E3CE9612FF8D32C00C2523E /* scenes */,
				4E3CE9632FF8D32C00C2523E /* Assets.xcassets */,
				4E3CE9642FF8D32C00C2523E /* Crypto.entitlements */,
				4E3CE9652FF8D32C00C2523E /* CryptoApp.swift */,
			);
			path = Crypto;
			sourceTree = "<group>";
		};
		4E3CE96B2FF8D34B00C2523E /* viewmodel */ = {
			isa = PBXGroup;
			children = (
				4E3CE9A22FF8E65900C2523E /* HomeViewModel.swift */,
				4E47A26A2FFA0EA300B0EFA8 /* DetailViewModel.swift */,
			);
			path = viewmodel;
			sourceTree = "<group>";
		};
		4E3CE96C2FF8D35300C2523E /* model */ = {
			isa = PBXGroup;
			children = (
				4E3CE9922FF8D90C00C2523E /* CoinDetailModel.swift */,
				4E3CE9932FF8D90C00C2523E /* CoinModel.swift */,
				4E41C4E12FF947610006EEEF /* PortfolioContainer.xcdatamodeld */,
				4E3CE9942FF8D90C00C2523E /* MarketDataModel.swift */,
				4E3CE9952FF8D90C00C2523E /* StatisticModel.swift */,
			);
			path = model;
			sourceTree = "<group>";
		};
		4E3CE96D2FF8D35B00C2523E /* helpers */ = {
			isa = PBXGroup;
			children = (
				4E3CE96E2FF8D38600C2523E /* AppDelegate.swift */,
				4E3CE96F2FF8D38600C2523E /* ColorConstants.swift */,
				4E3CE9702FF8D38600C2523E /* hideKybpradrOnTap.swift */,
				4E3CE9712FF8D38600C2523E /* hideKeyboard.swift */,
				4E3CE9722FF8D38600C2523E /* Extensions_ui.swift */,
				4E3CE9732FF8D38600C2523E /* DateExtention.swift */,
				4E3CE9742FF8D38600C2523E /* EX_View.swift */,
			);
			path = helpers;
			sourceTree = "<group>";
		};
		4E3CE97C2FF8D43200C2523E /* nerwork */ = {
			isa = PBXGroup;
			children = (
				4E3CE97D2FF8D45A00C2523E /* Crtpro.swift */,
				4E3CE97E2FF8D45A00C2523E /* Network.swift */,
				4E3CE97F2FF8D45A00C2523E /* InternetConnection.swift */,
				4E3CE9802FF8D45A00C2523E /* NetworkMonitor.swift */,
			);
			path = nerwork;
			sourceTree = "<group>";
		};
		4E3CE9852FF8D86300C2523E /* extensions */ = {
			isa = PBXGroup;
			children = (
				4E3CE9862FF8D88600C2523E /* Color.swift */,
				4E3CE9872FF8D88600C2523E /* Date.swift */,
				4E3CE9882FF8D88600C2523E /* Double.swift */,
				4E3CE9892FF8D88600C2523E /* PreviewProvider.swift */,
				4E3CE98A2FF8D88600C2523E /* String.swift */,
				4E3CE98B2FF8D88600C2523E /* UIApplication.swift */,
			);
			path = extensions;
			sourceTree = "<group>";
		};
		4E3CE99E2FF8E58300C2523E /* home */ = {
			isa = PBXGroup;
			children = (
				4E3CE9602FF8D32C00C2523E /* Home.swift */,
				4E5123722FF92C4B0022D3B2 /* PortfolioView.swift */,
				4E634DE32FF902C500A03A48 /* CoinImageScene.swift */,
				4E3CE99F2FF8E58D00C2523E /* view */,
			);
			path = home;
			sourceTree = "<group>";
		};
		4E3CE99F2FF8E58D00C2523E /* view */ = {
			isa = PBXGroup;
			children = (
				4E3CE9A02FF8E59E00C2523E /* CoinRowView.swift */,
				4E51236C2FF922F40022D3B2 /* StatisticsView.swift */,
				4E51236E2FF925110022D3B2 /* HomeStatView.swift */,
				4E5123762FF92EEA0022D3B2 /* CoinLogoView.swift */,
			);
			path = view;
			sourceTree = "<group>";
		};
		4E40838A2FFA2CC100399D25 /* view */ = {
			isa = PBXGroup;
			children = (
				4E40838B2FFA2CCC00399D25 /* CharView.swift */,
			);
			path = view;
			sourceTree = "<group>";
		};
		4E47A2652FFA084F00B0EFA8 /* detail */ = {
			isa = PBXGroup;
			children = (
				4E40838A2FFA2CC100399D25 /* view */,
				4E47A2662FFA086100B0EFA8 /* DetailScene.swift */,
			);
			path = detail;
			sourceTree = "<group>";
		};
		4E4E88C52FFA4D5400A465E1 /* launch screen */ = {
			isa = PBXGroup;
			children = (
				4E4E88C82FFA500200A465E1 /* launchView.swift */,
				4E4E88C62FFA4D7700A465E1 /* LaunchScreen.storyboard */,
			);
			path = "launch screen";
			sourceTree = "<group>";
		};
		4E634DDB2FF8F89500A03A48 /* services */ = {
			isa = PBXGroup;
			children = (
				4E634DDC2FF8F8A700A03A48 /* CoinDataServices.swift */,
				4E47A2682FFA0DC900B0EFA8 /* CoinDetailService.swift */,
				4E634DE12FF9018D00A03A48 /* CoinImageService.swift */,
				4E5123702FF927220022D3B2 /* MarketDataService.swift */,
				4E41C4E42FF947FF0006EEEF /* PortfolioDataService.swift */,
			);
			path = services;
			sourceTree = "<group>";
		};
		4E634DDE2FF8FCC800A03A48 /* utlities */ = {
			isa = PBXGroup;
			children = (
				4E6079472FF9F7B90047FB8B /* hapticManager.swift */,
				4E634DDF2FF8FCD600A03A48 /* networkManager.swift */,
				4E634DE52FF907B100A03A48 /* LocalFileManager.swift */,
			);
			path = utlities;
			sourceTree = "<group>";
		};
/* End PBXGroup section */

/* Begin PBXNativeTarget section */
		4E3CE94E2FF8D2B400C2523E /* Crypto */ = {
			isa = PBXNativeTarget;
			buildConfigurationList = 4E3CE95B2FF8D2BC00C2523E /* Build configuration list for PBXNativeTarget "Crypto" */;
			buildPhases = (
				4E3CE94B2FF8D2B400C2523E /* Sources */,
				4E3CE94C2FF8D2B400C2523E /* Frameworks */,
				4E3CE94D2FF8D2B400C2523E /* Resources */,
			);
			buildRules = (
			);
			dependencies = (
			);
			name = Crypto;
			packageProductDependencies = (
			);
			productName = Crypto;
			productReference = 4E3CE94F2FF8D2B400C2523E /* Crypto.app */;
			productType = "com.apple.product-type.application";
		};
/* End PBXNativeTarget section */

/* Begin PBXProject section */
		4E3CE9472FF8D2B300C2523E /* Project object */ = {
			isa = PBXProject;
			attributes = {
				BuildIndependentTargetsInParallel = 1;
				LastSwiftUpdateCheck = 1640;
				LastUpgradeCheck = 1640;
				TargetAttributes = {
					4E3CE94E2FF8D2B400C2523E = {
						CreatedOnToolsVersion = 16.4;
					};
				};
			};
			buildConfigurationList = 4E3CE94A2FF8D2B300C2523E /* Build configuration list for PBXProject "Crypto" */;
			developmentRegion = en;
			hasScannedForEncodings = 0;
			knownRegions = (
				en,
				Base,
			);
			mainGroup = 4E3CE9462FF8D2B300C2523E;
			minimizedProjectReferenceProxies = 1;
			preferredProjectObjectVersion = 77;
			productRefGroup = 4E3CE9502FF8D2B400C2523E /* Products */;
			projectDirPath = "";
			projectRoot = "";
			targets = (
				4E3CE94E2FF8D2B400C2523E /* Crypto */,
			);
		};
/* End PBXProject section */

/* Begin PBXResourcesBuildPhase section */
		4E3CE94D2FF8D2B400C2523E /* Resources */ = {
			isa = PBXResourcesBuildPhase;
			buildActionMask = 2147483647;
			files = (
				4E3CE9672FF8D32C00C2523E /* Assets.xcassets in Resources */,
				4E4E88C72FFA4D7700A465E1 /* LaunchScreen.storyboard in Resources */,
			);
			runOnlyForDeploymentPostprocessing = 0;
		};
/* End PBXResourcesBuildPhase section */

/* Begin PBXSourcesBuildPhase section */
		4E3CE94B2FF8D2B400C2523E /* Sources */ = {
			isa = PBXSourcesBuildPhase;
			buildActionMask = 2147483647;
			files = (
				4E40838C2FFA2CCC00399D25 /* CharView.swift in Sources */,
				4E634DE02FF8FCD600A03A48 /* networkManager.swift in Sources */,
				4E634DDD2FF8F8A700A03A48 /* CoinDataServices.swift in Sources */,
				4E5123772FF92EEA0022D3B2 /* CoinLogoView.swift in Sources */,
				4E3CE9682FF8D32C00C2523E /* Home.swift in Sources */,
				4E3CE9692FF8D32C00C2523E /* CryptoApp.swift in Sources */,
				4E51236F2FF925110022D3B2 /* HomeStatView.swift in Sources */,
				4E3CE9752FF8D38600C2523E /* ColorConstants.swift in Sources */,
				4E5123732FF92C4B0022D3B2 /* PortfolioView.swift in Sources */,
				4E479DED2FFA7CED0029DC9D /* ArcView.swift in Sources */,
				4E41C4E32FF947620006EEEF /* PortfolioContainer.xcdatamodeld in Sources */,
				4E3CE9762FF8D38600C2523E /* DateExtention.swift in Sources */,
				4E3CE9772FF8D38600C2523E /* hideKeyboard.swift in Sources */,
				4E3CE9782FF8D38600C2523E /* AppDelegate.swift in Sources */,
				4E3CE9792FF8D38600C2523E /* hideKybpradrOnTap.swift in Sources */,
				4E47A26B2FFA0EA300B0EFA8 /* DetailViewModel.swift in Sources */,
				4E3CE97A2FF8D38600C2523E /* EX_View.swift in Sources */,
				4E3CE99B2FF8DB6200C2523E /* CircleBTN.swift in Sources */,
				4E3CE9962FF8D90C00C2523E /* CoinModel.swift in Sources */,
				4E3CE9A32FF8E65900C2523E /* HomeViewModel.swift in Sources */,
				4E51236D2FF922F40022D3B2 /* StatisticsView.swift in Sources */,
				4E3CE9972FF8D90C00C2523E /* MarketDataModel.swift in Sources */,
				4E5123752FF92E390022D3B2 /* XMarkButton.swift in Sources */,
				4E51236B2FF91B3C0022D3B2 /* CustomSearchBarView.swift in Sources */,
				4E3CE9982FF8D90C00C2523E /* CoinDetailModel.swift in Sources */,
				4E3CE99D2FF8DF5A00C2523E /* CircleBTNAnimationView.swift in Sources */,
				4E3CE9992FF8D90C00C2523E /* StatisticModel.swift in Sources */,
				4E3CE9A12FF8E59E00C2523E /* CoinRowView.swift in Sources */,
				4E3CE9812FF8D45A00C2523E /* Network.swift in Sources */,
				4E3CE98C2FF8D88600C2523E /* UIApplication.swift in Sources */,
				4E3CE98D2FF8D88600C2523E /* Color.swift in Sources */,
				4E3CE98E2FF8D88600C2523E /* Date.swift in Sources */,
				4E3CE98F2FF8D88600C2523E /* PreviewProvider.swift in Sources */,
				4E6079482FF9F7BB0047FB8B /* hapticManager.swift in Sources */,
				4E47A2692FFA0DC900B0EFA8 /* CoinDetailService.swift in Sources */,
				4E634DE62FF907B100A03A48 /* LocalFileManager.swift in Sources */,
				4E3CE9902FF8D88600C2523E /* Double.swift in Sources */,
				4E634DE42FF902C500A03A48 /* CoinImageScene.swift in Sources */,
				4E5123712FF927230022D3B2 /* MarketDataService.swift in Sources */,
				4E4E88C92FFA500900A465E1 /* launchView.swift in Sources */,
				4E3CE9912FF8D88600C2523E /* String.swift in Sources */,
				4E3CE9822FF8D45A00C2523E /* NetworkMonitor.swift in Sources */,
				4E3CE9832FF8D45A00C2523E /* Crtpro.swift in Sources */,
				4E41C4E52FF947FF0006EEEF /* PortfolioDataService.swift in Sources */,
				4E3CE9842FF8D45A00C2523E /* InternetConnection.swift in Sources */,
				4E634DE22FF9018D00A03A48 /* CoinImageService.swift in Sources */,
				4E47A2672FFA086100B0EFA8 /* DetailScene.swift in Sources */,
				4E3CE97B2FF8D38600C2523E /* Extensions_ui.swift in Sources */,
			);
			runOnlyForDeploymentPostprocessing = 0;
		};
/* End PBXSourcesBuildPhase section */

/* Begin XCBuildConfiguration section */
		4E3CE9592FF8D2BC00C2523E /* Debug */ = {
			isa = XCBuildConfiguration;
			buildSettings = {
				ALWAYS_SEARCH_USER_PATHS = NO;
				ASSETCATALOG_COMPILER_GENERATE_SWIFT_ASSET_SYMBOL_EXTENSIONS = YES;
				CLANG_ANALYZER_NONNULL = YES;
				CLANG_ANALYZER_NUMBER_OBJECT_CONVERSION = YES_AGGRESSIVE;
				CLANG_CXX_LANGUAGE_STANDARD = "gnu++20";
				CLANG_ENABLE_MODULES = YES;
				CLANG_ENABLE_OBJC_ARC = YES;
				CLANG_ENABLE_OBJC_WEAK = YES;
				CLANG_WARN_BLOCK_CAPTURE_AUTORELEASING = YES;
				CLANG_WARN_BOOL_CONVERSION = YES;
				CLANG_WARN_COMMA = YES;
				CLANG_WARN_CONSTANT_CONVERSION = YES;
				CLANG_WARN_DEPRECATED_OBJC_IMPLEMENTATIONS = YES;
				CLANG_WARN_DIRECT_OBJC_ISA_USAGE = YES_ERROR;
				CLANG_WARN_DOCUMENTATION_COMMENTS = YES;
				CLANG_WARN_EMPTY_BODY = YES;
				CLANG_WARN_ENUM_CONVERSION = YES;
				CLANG_WARN_INFINITE_RECURSION = YES;
				CLANG_WARN_INT_CONVERSION = YES;
				CLANG_WARN_NON_LITERAL_NULL_CONVERSION = YES;
				CLANG_WARN_OBJC_IMPLICIT_RETAIN_SELF = YES;
				CLANG_WARN_OBJC_LITERAL_CONVERSION = YES;
				CLANG_WARN_OBJC_ROOT_CLASS = YES_ERROR;
				CLANG_WARN_QUOTED_INCLUDE_IN_FRAMEWORK_HEADER = YES;
				CLANG_WARN_RANGE_LOOP_ANALYSIS = YES;
				CLANG_WARN_STRICT_PROTOTYPES = YES;
				CLANG_WARN_SUSPICIOUS_MOVE = YES;
				CLANG_WARN_UNGUARDED_AVAILABILITY = YES_AGGRESSIVE;
				CLANG_WARN_UNREACHABLE_CODE = YES;
				CLANG_WARN__DUPLICATE_METHOD_MATCH = YES;
				COPY_PHASE_STRIP = NO;
				DEBUG_INFORMATION_FORMAT = dwarf;
				DEVELOPMENT_TEAM = 5RTZJMVRS2;
				ENABLE_STRICT_OBJC_MSGSEND = YES;
				ENABLE_TESTABILITY = YES;
				ENABLE_USER_SCRIPT_SANDBOXING = YES;
				GCC_C_LANGUAGE_STANDARD = gnu17;
				GCC_DYNAMIC_NO_PIC = NO;
				GCC_NO_COMMON_BLOCKS = YES;
				GCC_OPTIMIZATION_LEVEL = 0;
				GCC_PREPROCESSOR_DEFINITIONS = (
					"DEBUG=1",
					"$(inherited)",
				);
				GCC_WARN_64_TO_32_BIT_CONVERSION = YES;
				GCC_WARN_ABOUT_RETURN_TYPE = YES_ERROR;
				GCC_WARN_UNDECLARED_SELECTOR = YES;
				GCC_WARN_UNINITIALIZED_AUTOS = YES_AGGRESSIVE;
				GCC_WARN_UNUSED_FUNCTION = YES;
				GCC_WARN_UNUSED_VARIABLE = YES;
				LOCALIZATION_PREFERS_STRING_CATALOGS = YES;
				MTL_ENABLE_DEBUG_INFO = INCLUDE_SOURCE;
				MTL_FAST_MATH = YES;
				ONLY_ACTIVE_ARCH = YES;
				SWIFT_ACTIVE_COMPILATION_CONDITIONS = "DEBUG $(inherited)";
				SWIFT_OPTIMIZATION_LEVEL = "-Onone";
			};
			name = Debug;
		};
		4E3CE95A2FF8D2BC00C2523E /* Release */ = {
			isa = XCBuildConfiguration;
			buildSettings = {
				ALWAYS_SEARCH_USER_PATHS = NO;
				ASSETCATALOG_COMPILER_GENERATE_SWIFT_ASSET_SYMBOL_EXTENSIONS = YES;
				CLANG_ANALYZER_NONNULL = YES;
				CLANG_ANALYZER_NUMBER_OBJECT_CONVERSION = YES_AGGRESSIVE;
				CLANG_CXX_LANGUAGE_STANDARD = "gnu++20";
				CLANG_ENABLE_MODULES = YES;
				CLANG_ENABLE_OBJC_ARC = YES;
				CLANG_ENABLE_OBJC_WEAK = YES;
				CLANG_WARN_BLOCK_CAPTURE_AUTORELEASING = YES;
				CLANG_WARN_BOOL_CONVERSION = YES;
				CLANG_WARN_COMMA = YES;
				CLANG_WARN_CONSTANT_CONVERSION = YES;
				CLANG_WARN_DEPRECATED_OBJC_IMPLEMENTATIONS = YES;
				CLANG_WARN_DIRECT_OBJC_ISA_USAGE = YES_ERROR;
				CLANG_WARN_DOCUMENTATION_COMMENTS = YES;
				CLANG_WARN_EMPTY_BODY = YES;
				CLANG_WARN_ENUM_CONVERSION = YES;
				CLANG_WARN_INFINITE_RECURSION = YES;
				CLANG_WARN_INT_CONVERSION = YES;
				CLANG_WARN_NON_LITERAL_NULL_CONVERSION = YES;
				CLANG_WARN_OBJC_IMPLICIT_RETAIN_SELF = YES;
				CLANG_WARN_OBJC_LITERAL_CONVERSION = YES;
				CLANG_WARN_OBJC_ROOT_CLASS = YES_ERROR;
				CLANG_WARN_QUOTED_INCLUDE_IN_FRAMEWORK_HEADER = YES;
				CLANG_WARN_RANGE_LOOP_ANALYSIS = YES;
				CLANG_WARN_STRICT_PROTOTYPES = YES;
				CLANG_WARN_SUSPICIOUS_MOVE = YES;
				CLANG_WARN_UNGUARDED_AVAILABILITY = YES_AGGRESSIVE;
				CLANG_WARN_UNREACHABLE_CODE = YES;
				CLANG_WARN__DUPLICATE_METHOD_MATCH = YES;
				COPY_PHASE_STRIP = NO;
				DEBUG_INFORMATION_FORMAT = "dwarf-with-dsym";
				DEVELOPMENT_TEAM = 5RTZJMVRS2;
				ENABLE_NS_ASSERTIONS = NO;
				ENABLE_STRICT_OBJC_MSGSEND = YES;
				ENABLE_USER_SCRIPT_SANDBOXING = YES;
				GCC_C_LANGUAGE_STANDARD = gnu17;
				GCC_NO_COMMON_BLOCKS = YES;
				GCC_WARN_64_TO_32_BIT_CONVERSION = YES;
				GCC_WARN_ABOUT_RETURN_TYPE = YES_ERROR;
				GCC_WARN_UNDECLARED_SELECTOR = YES;
				GCC_WARN_UNINITIALIZED_AUTOS = YES_AGGRESSIVE;
				GCC_WARN_UNUSED_FUNCTION = YES;
				GCC_WARN_UNUSED_VARIABLE = YES;
				LOCALIZATION_PREFERS_STRING_CATALOGS = YES;
				MTL_ENABLE_DEBUG_INFO = NO;
				MTL_FAST_MATH = YES;
				SWIFT_COMPILATION_MODE = wholemodule;
			};
			name = Release;
		};
		4E3CE95C2FF8D2BC00C2523E /* Debug */ = {
			isa = XCBuildConfiguration;
			buildSettings = {
				ASSETCATALOG_COMPILER_APPICON_NAME = AppIcon;
				ASSETCATALOG_COMPILER_GLOBAL_ACCENT_COLOR_NAME = AccentColor;
				CODE_SIGN_ENTITLEMENTS = Crypto/Crypto.entitlements;
				CODE_SIGN_STYLE = Automatic;
				CURRENT_PROJECT_VERSION = 1;
				DEVELOPMENT_TEAM = 5RTZJMVRS2;
				ENABLE_HARDENED_RUNTIME = YES;
				ENABLE_PREVIEWS = YES;
				GENERATE_INFOPLIST_FILE = YES;
				INFOPLIST_KEY_CFBundleDisplayName = Crypto;
				"INFOPLIST_KEY_UIApplicationSceneManifest_Generation[sdk=iphoneos*]" = YES;
				"INFOPLIST_KEY_UIApplicationSceneManifest_Generation[sdk=iphonesimulator*]" = YES;
				"INFOPLIST_KEY_UIApplicationSupportsIndirectInputEvents[sdk=iphoneos*]" = YES;
				"INFOPLIST_KEY_UIApplicationSupportsIndirectInputEvents[sdk=iphonesimulator*]" = YES;
				"INFOPLIST_KEY_UILaunchScreen_Generation[sdk=iphoneos*]" = YES;
				"INFOPLIST_KEY_UILaunchScreen_Generation[sdk=iphonesimulator*]" = YES;
				"INFOPLIST_KEY_UIStatusBarStyle[sdk=iphoneos*]" = UIStatusBarStyleDefault;
				"INFOPLIST_KEY_UIStatusBarStyle[sdk=iphonesimulator*]" = UIStatusBarStyleDefault;
				INFOPLIST_KEY_UISupportedInterfaceOrientations = UIInterfaceOrientationPortrait;
				INFOPLIST_KEY_UISupportedInterfaceOrientations_iPad = "UIInterfaceOrientationLandscapeRight UIInterfaceOrientationPortrait";
				IPHONEOS_DEPLOYMENT_TARGET = 18.5;
				LD_RUNPATH_SEARCH_PATHS = "@executable_path/Frameworks";
				"LD_RUNPATH_SEARCH_PATHS[sdk=macosx*]" = "@executable_path/../Frameworks";
				MACOSX_DEPLOYMENT_TARGET = 15.5;
				MARKETING_VERSION = 1.0;
				PRODUCT_BUNDLE_IDENTIFIER = com.hosam.net.Crypto;
				PRODUCT_NAME = "$(TARGET_NAME)";
				REGISTER_APP_GROUPS = YES;
				SDKROOT = auto;
				SUPPORTED_PLATFORMS = "iphoneos iphonesimulator";
				SUPPORTS_MACCATALYST = NO;
				SWIFT_EMIT_LOC_STRINGS = YES;
				SWIFT_VERSION = 5.0;
				TARGETED_DEVICE_FAMILY = "1,2";
				XROS_DEPLOYMENT_TARGET = 2.5;
			};
			name = Debug;
		};
		4E3CE95D2FF8D2BC00C2523E /* Release */ = {
			isa = XCBuildConfiguration;
			buildSettings = {
				ASSETCATALOG_COMPILER_APPICON_NAME = AppIcon;
				ASSETCATALOG_COMPILER_GLOBAL_ACCENT_COLOR_NAME = AccentColor;
				CODE_SIGN_ENTITLEMENTS = Crypto/Crypto.entitlements;
				CODE_SIGN_STYLE = Automatic;
				CURRENT_PROJECT_VERSION = 1;
				DEVELOPMENT_TEAM = 5RTZJMVRS2;
				ENABLE_HARDENED_RUNTIME = YES;
				ENABLE_PREVIEWS = YES;
				GENERATE_INFOPLIST_FILE = YES;
				INFOPLIST_KEY_CFBundleDisplayName = Crypto;
				"INFOPLIST_KEY_UIApplicationSceneManifest_Generation[sdk=iphoneos*]" = YES;
				"INFOPLIST_KEY_UIApplicationSceneManifest_Generation[sdk=iphonesimulator*]" = YES;
				"INFOPLIST_KEY_UIApplicationSupportsIndirectInputEvents[sdk=iphoneos*]" = YES;
				"INFOPLIST_KEY_UIApplicationSupportsIndirectInputEvents[sdk=iphonesimulator*]" = YES;
				"INFOPLIST_KEY_UILaunchScreen_Generation[sdk=iphoneos*]" = YES;
				"INFOPLIST_KEY_UILaunchScreen_Generation[sdk=iphonesimulator*]" = YES;
				"INFOPLIST_KEY_UIStatusBarStyle[sdk=iphoneos*]" = UIStatusBarStyleDefault;
				"INFOPLIST_KEY_UIStatusBarStyle[sdk=iphonesimulator*]" = UIStatusBarStyleDefault;
				INFOPLIST_KEY_UISupportedInterfaceOrientations = UIInterfaceOrientationPortrait;
				INFOPLIST_KEY_UISupportedInterfaceOrientations_iPad = "UIInterfaceOrientationLandscapeRight UIInterfaceOrientationPortrait";
				IPHONEOS_DEPLOYMENT_TARGET = 18.5;
				LD_RUNPATH_SEARCH_PATHS = "@executable_path/Frameworks";
				"LD_RUNPATH_SEARCH_PATHS[sdk=macosx*]" = "@executable_path/../Frameworks";
				MACOSX_DEPLOYMENT_TARGET = 15.5;
				MARKETING_VERSION = 1.0;
				PRODUCT_BUNDLE_IDENTIFIER = com.hosam.net.Crypto;
				PRODUCT_NAME = "$(TARGET_NAME)";
				REGISTER_APP_GROUPS = YES;
				SDKROOT = auto;
				SUPPORTED_PLATFORMS = "iphoneos iphonesimulator";
				SUPPORTS_MACCATALYST = NO;
				SWIFT_EMIT_LOC_STRINGS = YES;
				SWIFT_VERSION = 5.0;
				TARGETED_DEVICE_FAMILY = "1,2";
				XROS_DEPLOYMENT_TARGET = 2.5;
			};
			name = Release;
		};
/* End XCBuildConfiguration section */

/* Begin XCConfigurationList section */
		4E3CE94A2FF8D2B300C2523E /* Build configuration list for PBXProject "Crypto" */ = {
			isa = XCConfigurationList;
			buildConfigurations = (
				4E3CE9592FF8D2BC00C2523E /* Debug */,
				4E3CE95A2FF8D2BC00C2523E /* Release */,
			);
			defaultConfigurationIsVisible = 0;
			defaultConfigurationName = Release;
		};
		4E3CE95B2FF8D2BC00C2523E /* Build configuration list for PBXNativeTarget "Crypto" */ = {
			isa = XCConfigurationList;
			buildConfigurations = (
				4E3CE95C2FF8D2BC00C2523E /* Debug */,
				4E3CE95D2FF8D2BC00C2523E /* Release */,
			);
			defaultConfigurationIsVisible = 0;
			defaultConfigurationName = Release;
		};
/* End XCConfigurationList section */

/* Begin XCVersionGroup section */
		4E41C4E12FF947610006EEEF /* PortfolioContainer.xcdatamodeld */ = {
			isa = XCVersionGroup;
			children = (
				4E41C4E22FF947610006EEEF /* PortfolioContainer.xcdatamodel */,
			);
			currentVersion = 4E41C4E22FF947610006EEEF /* PortfolioContainer.xcdatamodel */;
			path = PortfolioContainer.xcdatamodeld;
			sourceTree = "<group>";
			versionGroupType = wrapper.xcdatamodel;
		};
/* End XCVersionGroup section */
	};
	rootObject = 4E3CE9472FF8D2B300C2523E /* Project object */;
}
